// !$*UTF8*$!
{
	archiveVersion = 1;
	classes = {
	};
	objectVersion = 77;
	objects = {

/* Begin PBXBuildFile section */
		E5F3FD832E4A28640022504F /* JWTKit in Frameworks */ = {isa = PBXBuildFile; productRef = E5F3FD822E4A28640022504F /* JWTKit */; };
/* End PBXBuildFile section */

/* Begin PBXCopyFilesBuildPhase section */
		E5F3FC9F2E498D010022504F /* CopyFiles */ = {
			isa = PBXCopyFilesBuildPhase;
			buildActionMask = 2147483647;
			dstPath = "";
			dstSubfolderSpec = 10;
			files = (
			);
			runOnlyForDeploymentPostprocessing = 0;
		};
/* End PBXCopyFilesBuildPhase section */

/* Begin PBXFileReference section */
		E5F3FC302E4987770022504F /* MyVideoSDKApp.app */ = {isa = PBXFileReference; explicitFileType = wrapper.application; includeInIndex = 0; path = MyVideoSDKApp.app; sourceTree = BUILT_PRODUCTS_DIR; };
/* End PBXFileReference section */

/* Begin PBXFileSystemSynchronizedBuildFileExceptionSet section */
		E5F3FC972E498CB20022504F /* Exceptions for "MyVideoSDKApp" folder in "MyVideoSDKApp" target */ = {
			isa = PBXFileSystemSynchronizedBuildFileExceptionSet;
			membershipExceptions = (
				ZoomVideoSDK/cmmbiz.framework,
				ZoomVideoSDK/cmmlib.framework,
				ZoomVideoSDK/curl64.framework,
				ZoomVideoSDK/libcares.dylib,
				ZoomVideoSDK/liblooper.dylib,
				ZoomVideoSDK/libzContext.dylib,
				ZoomVideoSDK/libzoombase_crypto_shared.dylib,
				ZoomVideoSDK/nydus.framework,
				ZoomVideoSDK/protobuf.framework,
				ZoomVideoSDK/tp.framework,
				ZoomVideoSDK/util.framework,
				ZoomVideoSDK/VideoSDK.dylib,
				ZoomVideoSDK/viper.framework,
				ZoomVideoSDK/xmpp_framework.framework,
				ZoomVideoSDK/zEventTracker.framework,
				ZoomVideoSDK/zNetUtils.framework,
				ZoomVideoSDK/ZoomTask.framework,
				ZoomVideoSDK/ZoomVideoSDKMeetingBridge.framework,
			);
			target = E5F3FC2F2E4987770022504F /* MyVideoSDKApp */;
		};
/* End PBXFileSystemSynchronizedBuildFileExceptionSet section */

/* Begin PBXFileSystemSynchronizedGroupBuildPhaseMembershipExceptionSet section */
		E5F3FCC72E498D0D0022504F /* Exceptions for "MyVideoSDKApp" folder in "Copy Files" phase from "MyVideoSDKApp" target */ = {
			isa = PBXFileSystemSynchronizedGroupBuildPhaseMembershipExceptionSet;
			attributesByRelativePath = {
				ZoomVideoSDK/CptHost.app = (RemoveHeadersOnCopy, );
				ZoomVideoSDK/ZMVideoSDK.framework = (RemoveHeadersOnCopy, );
				ZoomVideoSDK/ZoomTask.framework = (RemoveHeadersOnCopy, );
				ZoomVideoSDK/ZoomTelemetry.bundle = (RemoveHeadersOnCopy, );
				ZoomVideoSDK/ZoomVideoSDKMeetingBridge.framework = (RemoveHeadersOnCopy, );
				ZoomVideoSDK/annoter.bundle = (RemoveHeadersOnCopy, );
				ZoomVideoSDK/aomagent.bundle = (RemoveHeadersOnCopy, );
				ZoomVideoSDK/capHost.app = (RemoveHeadersOnCopy, );
				ZoomVideoSDK/cmmbiz.framework = (RemoveHeadersOnCopy, );
				ZoomVideoSDK/cmmlib.framework = (RemoveHeadersOnCopy, );
				ZoomVideoSDK/curl64.framework = (RemoveHeadersOnCopy, );
				ZoomVideoSDK/libmpg123_mac.bundle = (RemoveHeadersOnCopy, );
				ZoomVideoSDK/mcm.bundle = (RemoveHeadersOnCopy, );
				ZoomVideoSDK/nydus.framework = (RemoveHeadersOnCopy, );
				ZoomVideoSDK/protobuf.framework = (RemoveHeadersOnCopy, );
				ZoomVideoSDK/ssb_sdk.bundle = (RemoveHeadersOnCopy, );
				ZoomVideoSDK/tp.framework = (RemoveHeadersOnCopy, );
				ZoomVideoSDK/util.framework = (RemoveHeadersOnCopy, );
				ZoomVideoSDK/viper.framework = (RemoveHeadersOnCopy, );
				ZoomVideoSDK/viperex.bundle = (RemoveHeadersOnCopy, );
				ZoomVideoSDK/xmpp_framework.framework = (RemoveHeadersOnCopy, );
				ZoomVideoSDK/zData.bundle = (RemoveHeadersOnCopy, );
				ZoomVideoSDK/zEventTracker.framework = (RemoveHeadersOnCopy, );
				ZoomVideoSDK/zNet.bundle = (RemoveHeadersOnCopy, );
				ZoomVideoSDK/zNetUtils.framework = (RemoveHeadersOnCopy, );
				ZoomVideoSDK/zPSApp.bundle = (RemoveHeadersOnCopy, );
				ZoomVideoSDK/zVideoApp.bundle = (RemoveHeadersOnCopy, );
				ZoomVideoSDK/zWebService.bundle = (RemoveHeadersOnCopy, );
				ZoomVideoSDK/zlt.bundle = (RemoveHeadersOnCopy, );
			};
			buildPhase = E5F3FC9F2E498D010022504F /* CopyFiles */;
			membershipExceptions = (
				ZoomVideoSDK/annoter.bundle,
				ZoomVideoSDK/aomagent.bundle,
				ZoomVideoSDK/capHost.app,
				ZoomVideoSDK/cmmbiz.framework,
				ZoomVideoSDK/cmmlib.framework,
				ZoomVideoSDK/CptHost.app,
				ZoomVideoSDK/curl64.framework,
				ZoomVideoSDK/libcares.dylib,
				ZoomVideoSDK/libcrypto.dylib,
				ZoomVideoSDK/libjson.dylib,
				ZoomVideoSDK/liblooper.dylib,
				ZoomVideoSDK/libminizip.dylib,
				ZoomVideoSDK/libmpg123_mac.bundle,
				ZoomVideoSDK/libssl.dylib,
				ZoomVideoSDK/libzContext.dylib,
				ZoomVideoSDK/libzoombase_crypto_shared.dylib,
				ZoomVideoSDK/mcm.bundle,
				ZoomVideoSDK/nydus.framework,
				ZoomVideoSDK/protobuf.framework,
				ZoomVideoSDK/ssb_sdk.bundle,
				ZoomVideoSDK/tp.framework,
				ZoomVideoSDK/util.framework,
				ZoomVideoSDK/VideoSDK.dylib,
				ZoomVideoSDK/viper.framework,
				ZoomVideoSDK/viperex.bundle,
				ZoomVideoSDK/xmpp_framework.framework,
				ZoomVideoSDK/zData.bundle,
				ZoomVideoSDK/zEventTracker.framework,
				ZoomVideoSDK/zlt.bundle,
				ZoomVideoSDK/ZMVideoSDK.framework,
				ZoomVideoSDK/zNet.bundle,
				ZoomVideoSDK/zNetUtils.framework,
				ZoomVideoSDK/ZoomTask.framework,
				ZoomVideoSDK/ZoomTelemetry.bundle,
				ZoomVideoSDK/ZoomVideoSDKMeetingBridge.framework,
				ZoomVideoSDK/zPSApp.bundle,
				ZoomVideoSDK/zVideoApp.bundle,
				ZoomVideoSDK/zWebService.bundle,
			);
		};
/* End PBXFileSystemSynchronizedGroupBuildPhaseMembershipExceptionSet section */

/* Begin PBXFileSystemSynchronizedRootGroup section */
		E5F3FC322E4987770022504F /* MyVideoSDKApp */ = {
			isa = PBXFileSystemSynchronizedRootGroup;
			exceptions = (
				E5F3FC972E498CB20022504F /* Exceptions for "MyVideoSDKApp" folder in "MyVideoSDKApp" target */,
				E5F3FCC72E498D0D0022504F /* Exceptions for "MyVideoSDKApp" folder in "Copy Files" phase from "MyVideoSDKApp" target */,
			);
			path = MyVideoSDKApp;
			sourceTree = "<group>";
		};
/* End PBXFileSystemSynchronizedRootGroup section */

/* Begin PBXFrameworksBuildPhase section */
		E5F3FC2D2E4987770022504F /* Frameworks */ = {
			isa = PBXFrameworksBuildPhase;
			buildActionMask = 2147483647;
			files = (
				E5F3FD832E4A28640022504F /* JWTKit in Frameworks */,
			);
			runOnlyForDeploymentPostprocessing = 0;
		};
/* End PBXFrameworksBuildPhase section */

/* Begin PBXGroup section */
		E5F3FC272E4987770022504F = {
			isa = PBXGroup;
			children = (
				E5F3FC322E4987770022504F /* MyVideoSDKApp */,
				E5F3FC982E498CDA0022504F /* Frameworks */,
				E5F3FC312E4987770022504F /* Products */,
			);
			sourceTree = "<group>";
		};
		E5F3FC312E4987770022504F /* Products */ = {
			isa = PBXGroup;
			children = (
				E5F3FC302E4987770022504F /* MyVideoSDKApp.app */,
			);
			name = Products;
			sourceTree = "<group>";
		};
		E5F3FC982E498CDA0022504F /* Frameworks */ = {
			isa = PBXGroup;
			children = (
			);
			name = Frameworks;
			sourceTree = "<group>";
		};
/* End PBXGroup section */

/* Begin PBXNativeTarget section */
		E5F3FC2F2E4987770022504F /* MyVideoSDKApp */ = {
			isa = PBXNativeTarget;
			buildConfigurationList = E5F3FC3F2E4987790022504F /* Build configuration list for PBXNativeTarget "MyVideoSDKApp" */;
			buildPhases = (
				E5F3FC2C2E4987770022504F /* Sources */,
				E5F3FC2D2E4987770022504F /* Frameworks */,
				E5F3FC2E2E4987770022504F /* Resources */,
				E5F3FC9F2E498D010022504F /* CopyFiles */,
			);
			buildRules = (
			);
			dependencies = (
			);
			fileSystemSynchronizedGroups = (
				E5F3FC322E4987770022504F /* MyVideoSDKApp */,
			);
			name = MyVideoSDKApp;
			packageProductDependencies = (
				E5F3FD822E4A28640022504F /* JWTKit */,
			);
			productName = MyVideoSDKApp;
			productReference = E5F3FC302E4987770022504F /* MyVideoSDKApp.app */;
			productType = "com.apple.product-type.application";
		};
/* End PBXNativeTarget section */

/* Begin PBXProject section */
		E5F3FC282E4987770022504F /* Project object */ = {
			isa = PBXProject;
			attributes = {
				BuildIndependentTargetsInParallel = 1;
				LastSwiftUpdateCheck = 1630;
				LastUpgradeCheck = 1630;
				TargetAttributes = {
					E5F3FC2F2E4987770022504F = {
						CreatedOnToolsVersion = 16.3;
					};
				};
			};
			buildConfigurationList = E5F3FC2B2E4987770022504F /* Build configuration list for PBXProject "MyVideoSDKApp" */;
			developmentRegion = en;
			hasScannedForEncodings = 0;
			knownRegions = (
				en,
				Base,
			);
			mainGroup = E5F3FC272E4987770022504F;
			minimizedProjectReferenceProxies = 1;
			packageReferences = (
				E5F3FD812E4A28640022504F /* XCRemoteSwiftPackageReference "jwt-kit" */,
			);
			preferredProjectObjectVersion = 77;
			productRefGroup = E5F3FC312E4987770022504F /* Products */;
			projectDirPath = "";
			projectRoot = "";
			targets = (
				E5F3FC2F2E4987770022504F /* MyVideoSDKApp */,
			);
		};
/* End PBXProject section */

/* Begin PBXResourcesBuildPhase section */
		E5F3FC2E2E4987770022504F /* Resources */ = {
			isa = PBXResourcesBuildPhase;
			buildActionMask = 2147483647;
			files = (
			);
			runOnlyForDeploymentPostprocessing = 0;
		};
/* End PBXResourcesBuildPhase section */

/* Begin PBXSourcesBuildPhase section */
		E5F3FC2C2E4987770022504F /* Sources */ = {
			isa = PBXSourcesBuildPhase;
			buildActionMask = 2147483647;
			files = (
			);
			runOnlyForDeploymentPostprocessing = 0;
		};
/* End PBXSourcesBuildPhase section */

/* Begin XCBuildConfiguration section */
		E5F3FC3D2E4987790022504F /* Debug */ = {
			isa = XCBuildConfiguration;
			buildSettings = {
				ALWAYS_SEARCH_USER_PATHS = NO;
				ASSETCATALOG_COMPILER_GENERATE_SWIFT_ASSET_SYMBOL_EXTENSIONS = YES;
				CLANG_ANALYZER_NONNULL = YES;
				CLANG_ANALYZER_NUMBER_OBJECT_CONVERSION = YES_AGGRESSIVE;
				CLANG_CXX_LANGUAGE_STANDARD = "gnu++20";
				CLANG_ENABLE_MODULES = YES;
				CLANG_ENABLE_OBJC_ARC = YES;
				CLANG_ENABLE_OBJC_WEAK = YES;
				CLANG_WARN_BLOCK_CAPTURE_AUTORELEASING = YES;
				CLANG_WARN_BOOL_CONVERSION = YES;
				CLANG_WARN_COMMA = YES;
				CLANG_WARN_CONSTANT_CONVERSION = YES;
				CLANG_WARN_DEPRECATED_OBJC_IMPLEMENTATIONS = YES;
				CLANG_WARN_DIRECT_OBJC_ISA_USAGE = YES_ERROR;
				CLANG_WARN_DOCUMENTATION_COMMENTS = YES;
				CLANG_WARN_EMPTY_BODY = YES;
				CLANG_WARN_ENUM_CONVERSION = YES;
				CLANG_WARN_INFINITE_RECURSION = YES;
				CLANG_WARN_INT_CONVERSION = YES;
				CLANG_WARN_NON_LITERAL_NULL_CONVERSION = YES;
				CLANG_WARN_OBJC_IMPLICIT_RETAIN_SELF = YES;
				CLANG_WARN_OBJC_LITERAL_CONVERSION = YES;
				CLANG_WARN_OBJC_ROOT_CLASS = YES_ERROR;
				CLANG_WARN_QUOTED_INCLUDE_IN_FRAMEWORK_HEADER = YES;
				CLANG_WARN_RANGE_LOOP_ANALYSIS = YES;
				CLANG_WARN_STRICT_PROTOTYPES = YES;
				CLANG_WARN_SUSPICIOUS_MOVE = YES;
				CLANG_WARN_UNGUARDED_AVAILABILITY = YES_AGGRESSIVE;
				CLANG_WARN_UNREACHABLE_CODE = YES;
				CLANG_WARN__DUPLICATE_METHOD_MATCH = YES;
				COPY_PHASE_STRIP = NO;
				DEBUG_INFORMATION_FORMAT = dwarf;
				ENABLE_STRICT_OBJC_MSGSEND = YES;
				ENABLE_TESTABILITY = YES;
				ENABLE_USER_SCRIPT_SANDBOXING = YES;
				GCC_C_LANGUAGE_STANDARD = gnu17;
				GCC_DYNAMIC_NO_PIC = NO;
				GCC_NO_COMMON_BLOCKS = YES;
				GCC_OPTIMIZATION_LEVEL = 0;
				GCC_PREPROCESSOR_DEFINITIONS = (
					"DEBUG=1",
					"$(inherited)",
				);
				GCC_WARN_64_TO_32_BIT_CONVERSION = YES;
				GCC_WARN_ABOUT_RETURN_TYPE = YES_ERROR;
				GCC_WARN_UNDECLARED_SELECTOR = YES;
				GCC_WARN_UNINITIALIZED_AUTOS = YES_AGGRESSIVE;
				GCC_WARN_UNUSED_FUNCTION = YES;
				GCC_WARN_UNUSED_VARIABLE = YES;
				LOCALIZATION_PREFERS_STRING_CATALOGS = YES;
				MACOSX_DEPLOYMENT_TARGET = 15.4;
				MTL_ENABLE_DEBUG_INFO = INCLUDE_SOURCE;
				MTL_FAST_MATH = YES;
				ONLY_ACTIVE_ARCH = YES;
				SDKROOT = macosx;
				SWIFT_ACTIVE_COMPILATION_CONDITIONS = "DEBUG $(inherited)";
				SWIFT_OPTIMIZATION_LEVEL = "-Onone";
			};
			name = Debug;
		};
		E5F3FC3E2E4987790022504F /* Release */ = {
			isa = XCBuildConfiguration;
			buildSettings = {
				ALWAYS_SEARCH_USER_PATHS = NO;
				ASSETCATALOG_COMPILER_GENERATE_SWIFT_ASSET_SYMBOL_EXTENSIONS = YES;
				CLANG_ANALYZER_NONNULL = YES;
				CLANG_ANALYZER_NUMBER_OBJECT_CONVERSION = YES_AGGRESSIVE;
				CLANG_CXX_LANGUAGE_STANDARD = "gnu++20";
				CLANG_ENABLE_MODULES = YES;
				CLANG_ENABLE_OBJC_ARC = YES;
				CLANG_ENABLE_OBJC_WEAK = YES;
				CLANG_WARN_BLOCK_CAPTURE_AUTORELEASING = YES;
				CLANG_WARN_BOOL_CONVERSION = YES;
				CLANG_WARN_COMMA = YES;
				CLANG_WARN_CONSTANT_CONVERSION = YES;
				CLANG_WARN_DEPRECATED_OBJC_IMPLEMENTATIONS = YES;
				CLANG_WARN_DIRECT_OBJC_ISA_USAGE = YES_ERROR;
				CLANG_WARN_DOCUMENTATION_COMMENTS = YES;
				CLANG_WARN_EMPTY_BODY = YES;
				CLANG_WARN_ENUM_CONVERSION = YES;
				CLANG_WARN_INFINITE_RECURSION = YES;
				CLANG_WARN_INT_CONVERSION = YES;
				CLANG_WARN_NON_LITERAL_NULL_CONVERSION = YES;
				CLANG_WARN_OBJC_IMPLICIT_RETAIN_SELF = YES;
				CLANG_WARN_OBJC_LITERAL_CONVERSION = YES;
				CLANG_WARN_OBJC_ROOT_CLASS = YES_ERROR;
				CLANG_WARN_QUOTED_INCLUDE_IN_FRAMEWORK_HEADER = YES;
				CLANG_WARN_RANGE_LOOP_ANALYSIS = YES;
				CLANG_WARN_STRICT_PROTOTYPES = YES;
				CLANG_WARN_SUSPICIOUS_MOVE = YES;
				CLANG_WARN_UNGUARDED_AVAILABILITY = YES_AGGRESSIVE;
				CLANG_WARN_UNREACHABLE_CODE = YES;
				CLANG_WARN__DUPLICATE_METHOD_MATCH = YES;
				COPY_PHASE_STRIP = NO;
				DEBUG_INFORMATION_FORMAT = "dwarf-with-dsym";
				ENABLE_NS_ASSERTIONS = NO;
				ENABLE_STRICT_OBJC_MSGSEND = YES;
				ENABLE_USER_SCRIPT_SANDBOXING = YES;
				GCC_C_LANGUAGE_STANDARD = gnu17;
				GCC_NO_COMMON_BLOCKS = YES;
				GCC_WARN_64_TO_32_BIT_CONVERSION = YES;
				GCC_WARN_ABOUT_RETURN_TYPE = YES_ERROR;
				GCC_WARN_UNDECLARED_SELECTOR = YES;
				GCC_WARN_UNINITIALIZED_AUTOS = YES_AGGRESSIVE;
				GCC_WARN_UNUSED_FUNCTION = YES;
				GCC_WARN_UNUSED_VARIABLE = YES;
				LOCALIZATION_PREFERS_STRING_CATALOGS = YES;
				MACOSX_DEPLOYMENT_TARGET = 15.4;
				MTL_ENABLE_DEBUG_INFO = NO;
				MTL_FAST_MATH = YES;
				SDKROOT = macosx;
				SWIFT_COMPILATION_MODE = wholemodule;
			};
			name = Release;
		};
		E5F3FC402E4987790022504F /* Debug */ = {
			isa = XCBuildConfiguration;
			buildSettings = {
				ASSETCATALOG_COMPILER_APPICON_NAME = AppIcon;
				ASSETCATALOG_COMPILER_GLOBAL_ACCENT_COLOR_NAME = AccentColor;
				CODE_SIGN_ENTITLEMENTS = MyVideoSDKApp/MyVideoSDKApp.entitlements;
				CODE_SIGN_IDENTITY = "";
				"CODE_SIGN_IDENTITY[sdk=macosx*]" = "";
				CODE_SIGN_STYLE = Automatic;
				COMBINE_HIDPI_IMAGES = YES;
				CURRENT_PROJECT_VERSION = 1;
				DEVELOPMENT_TEAM = "";
				FRAMEWORK_SEARCH_PATHS = (
					"$(inherited)",
					"$(PROJECT_DIR)/../ZoomVideoSDK",
					"$(PROJECT_DIR)/MyVideoSDKApp/ZoomVideoSDK",
				);
				GENERATE_INFOPLIST_FILE = YES;
				INFOPLIST_KEY_NSAppleEventsUsageDescription = "Required for Apple Events";
				INFOPLIST_KEY_NSCameraUsageDescription = "Required for Video";
				INFOPLIST_KEY_NSHumanReadableCopyright = "";
				INFOPLIST_KEY_NSMainStoryboardFile = Main;
				INFOPLIST_KEY_NSMicrophoneUsageDescription = "Required for Audio";
				INFOPLIST_KEY_NSPrincipalClass = NSApplication;
				LD_RUNPATH_SEARCH_PATHS = (
					"$(inherited)",
					"@executable_path/../Frameworks",
				);
				LIBRARY_SEARCH_PATHS = (
					"$(inherited)",
					"$(PROJECT_DIR)/MyVideoSDKApp/ZoomVideoSDK",
				);
				MARKETING_VERSION = 1.0;
				PRODUCT_BUNDLE_IDENTIFIER = us.zoomtest.MyVideoSDKApp;
				PRODUCT_NAME = "$(TARGET_NAME)";
				PROVISIONING_PROFILE_SPECIFIER = "";
				REGISTER_APP_GROUPS = YES;
				SWIFT_EMIT_LOC_STRINGS = YES;
				SWIFT_VERSION = 5.0;
			};
			name = Debug;
		};
		E5F3FC412E4987790022504F /* Release */ = {
			isa = XCBuildConfiguration;
			buildSettings = {
				ASSETCATALOG_COMPILER_APPICON_NAME = AppIcon;
				ASSETCATALOG_COMPILER_GLOBAL_ACCENT_COLOR_NAME = AccentColor;
				CODE_SIGN_ENTITLEMENTS = MyVideoSDKApp/MyVideoSDKApp.entitlements;
				CODE_SIGN_IDENTITY = "";
				"CODE_SIGN_IDENTITY[sdk=macosx*]" = "";
				CODE_SIGN_STYLE = Automatic;
				COMBINE_HIDPI_IMAGES = YES;
				CURRENT_PROJECT_VERSION = 1;
				DEVELOPMENT_TEAM = "";
				FRAMEWORK_SEARCH_PATHS = (
					"$(inherited)",
					"$(PROJECT_DIR)/../ZoomVideoSDK",
					"$(PROJECT_DIR)/MyVideoSDKApp/ZoomVideoSDK",
				);
				GENERATE_INFOPLIST_FILE = YES;
				INFOPLIST_KEY_NSAppleEventsUsageDescription = "Required for Apple Events";
				INFOPLIST_KEY_NSCameraUsageDescription = "Required for Video";
				INFOPLIST_KEY_NSHumanReadableCopyright = "";
				INFOPLIST_KEY_NSMainStoryboardFile = Main;
				INFOPLIST_KEY_NSMicrophoneUsageDescription = "Required for Audio";
				INFOPLIST_KEY_NSPrincipalClass = NSApplication;
				LD_RUNPATH_SEARCH_PATHS = (
					"$(inherited)",
					"@executable_path/../Frameworks",
				);
				LIBRARY_SEARCH_PATHS = (
					"$(inherited)",
					"$(PROJECT_DIR)/MyVideoSDKApp/ZoomVideoSDK",
				);
				MARKETING_VERSION = 1.0;
				PRODUCT_BUNDLE_IDENTIFIER = us.zoomtest.MyVideoSDKApp;
				PRODUCT_NAME = "$(TARGET_NAME)";
				PROVISIONING_PROFILE_SPECIFIER = "";
				REGISTER_APP_GROUPS = YES;
				SWIFT_EMIT_LOC_STRINGS = YES;
				SWIFT_VERSION = 5.0;
			};
			name = Release;
		};
/* End XCBuildConfiguration section */

/* Begin XCConfigurationList section */
		E5F3FC2B2E4987770022504F /* Build configuration list for PBXProject "MyVideoSDKApp" */ = {
			isa = XCConfigurationList;
			buildConfigurations = (
				E5F3FC3D2E4987790022504F /* Debug */,
				E5F3FC3E2E4987790022504F /* Release */,
			);
			defaultConfigurationIsVisible = 0;
			defaultConfigurationName = Release;
		};
		E5F3FC3F2E4987790022504F /* Build configuration list for PBXNativeTarget "MyVideoSDKApp" */ = {
			isa = XCConfigurationList;
			buildConfigurations = (
				E5F3FC402E4987790022504F /* Debug */,
				E5F3FC412E4987790022504F /* Release */,
			);
			defaultConfigurationIsVisible = 0;
			defaultConfigurationName = Release;
		};
/* End XCConfigurationList section */

/* Begin XCRemoteSwiftPackageReference section */
		E5F3FD812E4A28640022504F /* XCRemoteSwiftPackageReference "jwt-kit" */ = {
			isa = XCRemoteSwiftPackageReference;
			repositoryURL = "https://github.com/vapor/jwt-kit";
			requirement = {
				kind = upToNextMajorVersion;
				minimumVersion = 5.1.2;
			};
		};
/* End XCRemoteSwiftPackageReference section */

/* Begin XCSwiftPackageProductDependency section */
		E5F3FD822E4A28640022504F /* JWTKit */ = {
			isa = XCSwiftPackageProductDependency;
			package = E5F3FD812E4A28640022504F /* XCRemoteSwiftPackageReference "jwt-kit" */;
			productName = JWTKit;
		};
/* End XCSwiftPackageProductDependency section */
	};
	rootObject = E5F3FC282E4987770022504F /* Project object */;
}
